// !$*UTF8*$!
{
	objectVersion = 77;
	archiveVersion = 1;
	classes = {
	};
	objects = {

/* Begin PBXBuildFile section */
		A00000000000000000000002 /* MemoryToastToolApp.swift in Sources */ = {isa = PBXBuildFile; fileRef = A00000000000000000000003 /* MemoryToastToolApp.swift */; };
		A00000000000000000000004 /* SettingsStoreTests.swift in Sources */ = {isa = PBXBuildFile; fileRef = A00000000000000000000005 /* SettingsStoreTests.swift */; };
		A00000000000000000000006 /* XCTest.framework in Frameworks */ = {isa = PBXBuildFile; fileRef = A00000000000000000000007 /* XCTest.framework */; };
		A00000000000000000000028 /* AppSettings.swift in Sources */ = {isa = PBXBuildFile; fileRef = A00000000000000000000029 /* AppSettings.swift */; };
		A0000000000000000000002A /* SettingsStore.swift in Sources */ = {isa = PBXBuildFile; fileRef = A0000000000000000000002B /* SettingsStore.swift */; };
		A0000000000000000000002C /* ProcessSample.swift in Sources */ = {isa = PBXBuildFile; fileRef = A0000000000000000000002D /* ProcessSample.swift */; };
		A0000000000000000000002E /* MemorySnapshot.swift in Sources */ = {isa = PBXBuildFile; fileRef = A0000000000000000000002F /* MemorySnapshot.swift */; };
		A00000000000000000000030 /* AlertRule.swift in Sources */ = {isa = PBXBuildFile; fileRef = A00000000000000000000031 /* AlertRule.swift */; };
		A00000000000000000000032 /* RuleEvaluator.swift in Sources */ = {isa = PBXBuildFile; fileRef = A00000000000000000000033 /* RuleEvaluator.swift */; };
		A00000000000000000000034 /* SystemMemorySampling.swift in Sources */ = {isa = PBXBuildFile; fileRef = A00000000000000000000035 /* SystemMemorySampling.swift */; };
		A00000000000000000000036 /* ProcessSampling.swift in Sources */ = {isa = PBXBuildFile; fileRef = A00000000000000000000037 /* ProcessSampling.swift */; };
		A00000000000000000000038 /* MemoryMonitor.swift in Sources */ = {isa = PBXBuildFile; fileRef = A00000000000000000000039 /* MemoryMonitor.swift */; };
		A0000000000000000000003A /* AppActionService.swift in Sources */ = {isa = PBXBuildFile; fileRef = A0000000000000000000003B /* AppActionService.swift */; };
		A0000000000000000000003C /* AppRelaunchService.swift in Sources */ = {isa = PBXBuildFile; fileRef = A0000000000000000000003D /* AppRelaunchService.swift */; };
		A0000000000000000000003E /* AlertSessionState.swift in Sources */ = {isa = PBXBuildFile; fileRef = A0000000000000000000003F /* AlertSessionState.swift */; };
		A00000000000000000000040 /* AlertSessionController.swift in Sources */ = {isa = PBXBuildFile; fileRef = A00000000000000000000041 /* AlertSessionController.swift */; };
		A00000000000000000000042 /* MenuBarViewModel.swift in Sources */ = {isa = PBXBuildFile; fileRef = A00000000000000000000043 /* MenuBarViewModel.swift */; };
		A00000000000000000000044 /* MenuBarView.swift in Sources */ = {isa = PBXBuildFile; fileRef = A00000000000000000000045 /* MenuBarView.swift */; };
		A00000000000000000000046 /* SettingsView.swift in Sources */ = {isa = PBXBuildFile; fileRef = A00000000000000000000047 /* SettingsView.swift */; };
		A00000000000000000000048 /* AlertPanelView.swift in Sources */ = {isa = PBXBuildFile; fileRef = A00000000000000000000049 /* AlertPanelView.swift */; };
		A0000000000000000000004A /* Localizable.strings in Resources */ = {isa = PBXBuildFile; fileRef = A0000000000000000000004B /* Localizable.strings */; };
		A0000000000000000000004C /* Localizable.strings in Resources */ = {isa = PBXBuildFile; fileRef = A0000000000000000000004D /* Localizable.strings */; };
		A0000000000000000000004E /* MenuBarContainerView.swift in Sources */ = {isa = PBXBuildFile; fileRef = A0000000000000000000004F /* MenuBarContainerView.swift */; };
		A00000000000000000000050 /* DefaultSelectionPlanner.swift in Sources */ = {isa = PBXBuildFile; fileRef = A00000000000000000000051 /* DefaultSelectionPlanner.swift */; };
		A00000000000000000000052 /* AlertPresentationPolicy.swift in Sources */ = {isa = PBXBuildFile; fileRef = A00000000000000000000053 /* AlertPresentationPolicy.swift */; };
		A00000000000000000000054 /* LocalizationSupport.swift in Sources */ = {isa = PBXBuildFile; fileRef = A00000000000000000000055 /* LocalizationSupport.swift */; };
		A00000000000000000000056 /* WelcomeGuideView.swift in Sources */ = {isa = PBXBuildFile; fileRef = A00000000000000000000057 /* WelcomeGuideView.swift */; };
/* End PBXBuildFile section */

/* Begin PBXContainerItemProxy section */
		A00000000000000000000021 /* PBXContainerItemProxy */ = {
			isa = PBXContainerItemProxy;
			containerPortal = A00000000000000000000008 /* Project object */;
			proxyType = 1;
			remoteGlobalIDString = A00000000000000000000014;
			remoteInfo = MemoryToastTool;
		};
/* End PBXContainerItemProxy section */

/* Begin PBXFileReference section */
		A00000000000000000000003 /* MemoryToastToolApp.swift */ = {isa = PBXFileReference; lastKnownFileType = sourcecode.swift; path = MemoryToastToolApp.swift; sourceTree = "<group>"; };
		A00000000000000000000005 /* SettingsStoreTests.swift */ = {isa = PBXFileReference; lastKnownFileType = sourcecode.swift; path = SettingsStoreTests.swift; sourceTree = "<group>"; };
		A00000000000000000000007 /* XCTest.framework */ = {isa = PBXFileReference; lastKnownFileType = wrapper.framework; name = XCTest.framework; path = Platforms/MacOSX.platform/Developer/Library/Frameworks/XCTest.framework; sourceTree = DEVELOPER_DIR; };
		A00000000000000000000015 /* MemoryToastTool.app */ = {isa = PBXFileReference; explicitFileType = wrapper.application; includeInIndex = 0; path = MemoryToastTool.app; sourceTree = BUILT_PRODUCTS_DIR; };
		A0000000000000000000001C /* MemoryToastToolTests.xctest */ = {isa = PBXFileReference; explicitFileType = wrapper.cfbundle; includeInIndex = 0; path = MemoryToastToolTests.xctest; sourceTree = BUILT_PRODUCTS_DIR; };
		A00000000000000000000029 /* AppSettings.swift */ = {isa = PBXFileReference; lastKnownFileType = sourcecode.swift; name = AppSettings.swift; path = Sources/MemoryToastCore/AppSettings.swift; sourceTree = SOURCE_ROOT; };
		A0000000000000000000002B /* SettingsStore.swift */ = {isa = PBXFileReference; lastKnownFileType = sourcecode.swift; name = SettingsStore.swift; path = Sources/MemoryToastCore/SettingsStore.swift; sourceTree = SOURCE_ROOT; };
		A0000000000000000000002D /* ProcessSample.swift */ = {isa = PBXFileReference; lastKnownFileType = sourcecode.swift; name = ProcessSample.swift; path = Sources/MemoryToastCore/ProcessSample.swift; sourceTree = SOURCE_ROOT; };
		A0000000000000000000002F /* MemorySnapshot.swift */ = {isa = PBXFileReference; lastKnownFileType = sourcecode.swift; name = MemorySnapshot.swift; path = Sources/MemoryToastCore/MemorySnapshot.swift; sourceTree = SOURCE_ROOT; };
		A00000000000000000000031 /* AlertRule.swift */ = {isa = PBXFileReference; lastKnownFileType = sourcecode.swift; name = AlertRule.swift; path = Sources/MemoryToastCore/AlertRule.swift; sourceTree = SOURCE_ROOT; };
		A00000000000000000000033 /* RuleEvaluator.swift */ = {isa = PBXFileReference; lastKnownFileType = sourcecode.swift; name = RuleEvaluator.swift; path = Sources/MemoryToastCore/RuleEvaluator.swift; sourceTree = SOURCE_ROOT; };
		A00000000000000000000035 /* SystemMemorySampling.swift */ = {isa = PBXFileReference; lastKnownFileType = sourcecode.swift; name = SystemMemorySampling.swift; path = Sources/MemoryToastCore/SystemMemorySampling.swift; sourceTree = SOURCE_ROOT; };
		A00000000000000000000037 /* ProcessSampling.swift */ = {isa = PBXFileReference; lastKnownFileType = sourcecode.swift; name = ProcessSampling.swift; path = Sources/MemoryToastCore/ProcessSampling.swift; sourceTree = SOURCE_ROOT; };
		A00000000000000000000039 /* MemoryMonitor.swift */ = {isa = PBXFileReference; lastKnownFileType = sourcecode.swift; name = MemoryMonitor.swift; path = Sources/MemoryToastCore/MemoryMonitor.swift; sourceTree = SOURCE_ROOT; };
		A0000000000000000000003B /* AppActionService.swift */ = {isa = PBXFileReference; lastKnownFileType = sourcecode.swift; name = AppActionService.swift; path = Sources/MemoryToastCore/AppActionService.swift; sourceTree = SOURCE_ROOT; };
		A0000000000000000000003D /* AppRelaunchService.swift */ = {isa = PBXFileReference; lastKnownFileType = sourcecode.swift; name = AppRelaunchService.swift; path = Sources/MemoryToastCore/AppRelaunchService.swift; sourceTree = SOURCE_ROOT; };
		A0000000000000000000003F /* AlertSessionState.swift */ = {isa = PBXFileReference; lastKnownFileType = sourcecode.swift; name = AlertSessionState.swift; path = Sources/MemoryToastCore/AlertSessionState.swift; sourceTree = SOURCE_ROOT; };
		A00000000000000000000041 /* AlertSessionController.swift */ = {isa = PBXFileReference; lastKnownFileType = sourcecode.swift; name = AlertSessionController.swift; path = Sources/MemoryToastCore/AlertSessionController.swift; sourceTree = SOURCE_ROOT; };
		A00000000000000000000043 /* MenuBarViewModel.swift */ = {isa = PBXFileReference; lastKnownFileType = sourcecode.swift; path = MenuBarViewModel.swift; sourceTree = "<group>"; };
		A00000000000000000000045 /* MenuBarView.swift */ = {isa = PBXFileReference; lastKnownFileType = sourcecode.swift; path = MenuBarView.swift; sourceTree = "<group>"; };
		A00000000000000000000047 /* SettingsView.swift */ = {isa = PBXFileReference; lastKnownFileType = sourcecode.swift; path = SettingsView.swift; sourceTree = "<group>"; };
		A00000000000000000000049 /* AlertPanelView.swift */ = {isa = PBXFileReference; lastKnownFileType = sourcecode.swift; path = AlertPanelView.swift; sourceTree = "<group>"; };
		A0000000000000000000004B /* Localizable.strings */ = {isa = PBXFileReference; lastKnownFileType = text.plist.strings; name = Localizable.strings; path = en.lproj/Localizable.strings; sourceTree = "<group>"; };
		A0000000000000000000004D /* Localizable.strings */ = {isa = PBXFileReference; lastKnownFileType = text.plist.strings; name = Localizable.strings; path = zh-Hans.lproj/Localizable.strings; sourceTree = "<group>"; };
		A0000000000000000000004F /* MenuBarContainerView.swift */ = {isa = PBXFileReference; lastKnownFileType = sourcecode.swift; path = MenuBarContainerView.swift; sourceTree = "<group>"; };
		A00000000000000000000051 /* DefaultSelectionPlanner.swift */ = {isa = PBXFileReference; lastKnownFileType = sourcecode.swift; name = DefaultSelectionPlanner.swift; path = Sources/MemoryToastCore/DefaultSelectionPlanner.swift; sourceTree = SOURCE_ROOT; };
		A00000000000000000000053 /* AlertPresentationPolicy.swift */ = {isa = PBXFileReference; lastKnownFileType = sourcecode.swift; name = AlertPresentationPolicy.swift; path = Sources/MemoryToastCore/AlertPresentationPolicy.swift; sourceTree = SOURCE_ROOT; };
		A00000000000000000000055 /* LocalizationSupport.swift */ = {isa = PBXFileReference; lastKnownFileType = sourcecode.swift; path = LocalizationSupport.swift; sourceTree = "<group>"; };
		A00000000000000000000057 /* WelcomeGuideView.swift */ = {isa = PBXFileReference; lastKnownFileType = sourcecode.swift; path = WelcomeGuideView.swift; sourceTree = "<group>"; };
/* End PBXFileReference section */

/* Begin PBXFrameworksBuildPhase section */
		A00000000000000000000012 /* Frameworks */ = {
			isa = PBXFrameworksBuildPhase;
			buildActionMask = 2147483647;
			files = (
			);
			runOnlyForDeploymentPostprocessing = 0;
		};
		A00000000000000000000019 /* Frameworks */ = {
			isa = PBXFrameworksBuildPhase;
			buildActionMask = 2147483647;
			files = (
				A00000000000000000000006 /* XCTest.framework in Frameworks */,
			);
			runOnlyForDeploymentPostprocessing = 0;
		};
/* End PBXFrameworksBuildPhase section */

/* Begin PBXGroup section */
		A00000000000000000000009 = {
			isa = PBXGroup;
			children = (
				A0000000000000000000000A /* MemoryToastToolApp */,
				A0000000000000000000000B /* MemoryToastToolTests */,
				A0000000000000000000000C /* Frameworks */,
				A0000000000000000000000D /* Products */,
			);
			sourceTree = "<group>";
		};
		A0000000000000000000000A /* MemoryToastToolApp */ = {
			isa = PBXGroup;
			children = (
				A00000000000000000000003 /* MemoryToastToolApp.swift */,
				A00000000000000000000029 /* AppSettings.swift */,
				A0000000000000000000002B /* SettingsStore.swift */,
				A0000000000000000000002D /* ProcessSample.swift */,
				A0000000000000000000002F /* MemorySnapshot.swift */,
				A00000000000000000000031 /* AlertRule.swift */,
				A00000000000000000000033 /* RuleEvaluator.swift */,
				A00000000000000000000035 /* SystemMemorySampling.swift */,
				A00000000000000000000037 /* ProcessSampling.swift */,
				A00000000000000000000039 /* MemoryMonitor.swift */,
				A0000000000000000000003B /* AppActionService.swift */,
				A0000000000000000000003D /* AppRelaunchService.swift */,
				A0000000000000000000003F /* AlertSessionState.swift */,
				A00000000000000000000041 /* AlertSessionController.swift */,
				A00000000000000000000043 /* MenuBarViewModel.swift */,
				A00000000000000000000045 /* MenuBarView.swift */,
				A00000000000000000000047 /* SettingsView.swift */,
				A00000000000000000000049 /* AlertPanelView.swift */,
				A0000000000000000000004F /* MenuBarContainerView.swift */,
				A00000000000000000000055 /* LocalizationSupport.swift */,
				A00000000000000000000057 /* WelcomeGuideView.swift */,
				A00000000000000000000051 /* DefaultSelectionPlanner.swift */,
				A00000000000000000000053 /* AlertPresentationPolicy.swift */,
				A0000000000000000000004B /* Localizable.strings */,
				A0000000000000000000004D /* Localizable.strings */,
			);
			path = MemoryToastToolApp;
			sourceTree = "<group>";
		};
		A0000000000000000000000B /* MemoryToastToolTests */ = {
			isa = PBXGroup;
			children = (
				A00000000000000000000005 /* SettingsStoreTests.swift */,
			);
			path = MemoryToastToolTests;
			sourceTree = "<group>";
		};
		A0000000000000000000000C /* Frameworks */ = {
			isa = PBXGroup;
			children = (
				A00000000000000000000007 /* XCTest.framework */,
			);
			name = Frameworks;
			sourceTree = "<group>";
		};
		A0000000000000000000000D /* Products */ = {
			isa = PBXGroup;
			children = (
				A00000000000000000000015 /* MemoryToastTool.app */,
				A0000000000000000000001C /* MemoryToastToolTests.xctest */,
			);
			name = Products;
			sourceTree = "<group>";
		};
/* End PBXGroup section */

/* Begin PBXNativeTarget section */
		A00000000000000000000014 /* MemoryToastTool */ = {
			isa = PBXNativeTarget;
			buildConfigurationList = A00000000000000000000024 /* Build configuration list for PBXNativeTarget "MemoryToastTool" */;
			buildPhases = (
				A00000000000000000000011 /* Sources */,
				A00000000000000000000012 /* Frameworks */,
				A00000000000000000000013 /* Resources */,
			);
			buildRules = (
			);
			dependencies = (
			);
			name = MemoryToastTool;
			productName = MemoryToastTool;
			productReference = A00000000000000000000015 /* MemoryToastTool.app */;
			productType = "com.apple.product-type.application";
		};
		A0000000000000000000001B /* MemoryToastToolTests */ = {
			isa = PBXNativeTarget;
			buildConfigurationList = A00000000000000000000027 /* Build configuration list for PBXNativeTarget "MemoryToastToolTests" */;
			buildPhases = (
				A00000000000000000000018 /* Sources */,
				A00000000000000000000019 /* Frameworks */,
				A0000000000000000000001A /* Resources */,
			);
			buildRules = (
			);
			dependencies = (
				A00000000000000000000022 /* PBXTargetDependency */,
			);
			name = MemoryToastToolTests;
			productName = MemoryToastToolTests;
			productReference = A0000000000000000000001C /* MemoryToastToolTests.xctest */;
			productType = "com.apple.product-type.bundle.unit-test";
		};
/* End PBXNativeTarget section */

/* Begin PBXProject section */
		A00000000000000000000008 /* Project object */ = {
			isa = PBXProject;
			attributes = {
				BuildIndependentTargetsInParallel = 1;
				LastSwiftUpdateCheck = 2600;
				LastUpgradeCheck = 2600;
				TargetAttributes = {
					A00000000000000000000014 = {
						CreatedOnToolsVersion = 26.0;
					};
					A0000000000000000000001B = {
						CreatedOnToolsVersion = 26.0;
						TestTargetID = A00000000000000000000014;
					};
				};
			};
			buildConfigurationList = A0000000000000000000000E /* Build configuration list for PBXProject "MemoryToastTool" */;
			compatibilityVersion = "Xcode 16.0";
			developmentRegion = en;
			hasScannedForEncodings = 0;
			knownRegions = (
				en,
				Base,
			);
			mainGroup = A00000000000000000000009;
			productRefGroup = A0000000000000000000000D /* Products */;
			projectDirPath = "";
			projectRoot = "";
			targets = (
				A00000000000000000000014 /* MemoryToastTool */,
				A0000000000000000000001B /* MemoryToastToolTests */,
			);
		};
/* End PBXProject section */

/* Begin PBXResourcesBuildPhase section */
		A00000000000000000000013 /* Resources */ = {
			isa = PBXResourcesBuildPhase;
			buildActionMask = 2147483647;
			files = (
				A0000000000000000000004A /* Localizable.strings in Resources */,
				A0000000000000000000004C /* Localizable.strings in Resources */,
			);
			runOnlyForDeploymentPostprocessing = 0;
		};
		A0000000000000000000001A /* Resources */ = {
			isa = PBXResourcesBuildPhase;
			buildActionMask = 2147483647;
			files = (
			);
			runOnlyForDeploymentPostprocessing = 0;
		};
/* End PBXResourcesBuildPhase section */

/* Begin PBXSourcesBuildPhase section */
		A00000000000000000000011 /* Sources */ = {
			isa = PBXSourcesBuildPhase;
			buildActionMask = 2147483647;
			files = (
				A00000000000000000000028 /* AppSettings.swift in Sources */,
				A00000000000000000000002 /* MemoryToastToolApp.swift in Sources */,
				A0000000000000000000002A /* SettingsStore.swift in Sources */,
				A0000000000000000000002C /* ProcessSample.swift in Sources */,
				A0000000000000000000002E /* MemorySnapshot.swift in Sources */,
				A00000000000000000000030 /* AlertRule.swift in Sources */,
				A00000000000000000000032 /* RuleEvaluator.swift in Sources */,
				A00000000000000000000034 /* SystemMemorySampling.swift in Sources */,
				A00000000000000000000036 /* ProcessSampling.swift in Sources */,
				A00000000000000000000038 /* MemoryMonitor.swift in Sources */,
				A0000000000000000000003A /* AppActionService.swift in Sources */,
				A0000000000000000000003C /* AppRelaunchService.swift in Sources */,
				A0000000000000000000003E /* AlertSessionState.swift in Sources */,
				A00000000000000000000040 /* AlertSessionController.swift in Sources */,
				A00000000000000000000042 /* MenuBarViewModel.swift in Sources */,
				A00000000000000000000044 /* MenuBarView.swift in Sources */,
				A00000000000000000000046 /* SettingsView.swift in Sources */,
				A00000000000000000000048 /* AlertPanelView.swift in Sources */,
				A0000000000000000000004E /* MenuBarContainerView.swift in Sources */,
				A00000000000000000000050 /* DefaultSelectionPlanner.swift in Sources */,
				A00000000000000000000052 /* AlertPresentationPolicy.swift in Sources */,
				A00000000000000000000054 /* LocalizationSupport.swift in Sources */,
				A00000000000000000000056 /* WelcomeGuideView.swift in Sources */,
			);
			runOnlyForDeploymentPostprocessing = 0;
		};
		A00000000000000000000018 /* Sources */ = {
			isa = PBXSourcesBuildPhase;
			buildActionMask = 2147483647;
			files = (
				A00000000000000000000004 /* SettingsStoreTests.swift in Sources */,
			);
			runOnlyForDeploymentPostprocessing = 0;
		};
/* End PBXSourcesBuildPhase section */

/* Begin PBXTargetDependency section */
		A00000000000000000000022 /* PBXTargetDependency */ = {
			isa = PBXTargetDependency;
			target = A00000000000000000000014 /* MemoryToastTool */;
			targetProxy = A00000000000000000000021 /* PBXContainerItemProxy */;
		};
/* End PBXTargetDependency section */

/* Begin XCBuildConfiguration section */
		A0000000000000000000000F /* Debug */ = {
			isa = XCBuildConfiguration;
			buildSettings = {
				CODE_SIGN_IDENTITY = "-";
				CODE_SIGNING_ALLOWED = NO;
				DEVELOPMENT_TEAM = "";
				MACOSX_DEPLOYMENT_TARGET = 14.0;
				SDKROOT = macosx;
				SWIFT_VERSION = 6.0;
			};
			name = Debug;
		};
		A00000000000000000000010 /* Release */ = {
			isa = XCBuildConfiguration;
			buildSettings = {
				CODE_SIGN_IDENTITY = "-";
				CODE_SIGNING_ALLOWED = NO;
				DEVELOPMENT_TEAM = "";
				MACOSX_DEPLOYMENT_TARGET = 14.0;
				SDKROOT = macosx;
				SWIFT_VERSION = 6.0;
			};
			name = Release;
		};
		A00000000000000000000016 /* Debug */ = {
			isa = XCBuildConfiguration;
			buildSettings = {
				ASSETCATALOG_COMPILER_APPICON_NAME = AppIcon;
				CODE_SIGN_IDENTITY = "-";
				CODE_SIGNING_ALLOWED = NO;
				CODE_SIGN_STYLE = Automatic;
				CURRENT_PROJECT_VERSION = 1;
				DEFINES_MODULE = YES;
				GENERATE_INFOPLIST_FILE = YES;
				MACOSX_DEPLOYMENT_TARGET = 14.0;
				MARKETING_VERSION = 1.0;
				PRODUCT_BUNDLE_IDENTIFIER = com.example.MemoryToastTool;
				PRODUCT_NAME = "$(TARGET_NAME)";
				SDKROOT = macosx;
				SWIFT_EMIT_LOC_STRINGS = YES;
				SWIFT_VERSION = 6.0;
			};
			name = Debug;
		};
		A00000000000000000000017 /* Release */ = {
			isa = XCBuildConfiguration;
			buildSettings = {
				ASSETCATALOG_COMPILER_APPICON_NAME = AppIcon;
				CODE_SIGN_IDENTITY = "-";
				CODE_SIGNING_ALLOWED = NO;
				CODE_SIGN_STYLE = Automatic;
				CURRENT_PROJECT_VERSION = 1;
				DEFINES_MODULE = YES;
				GENERATE_INFOPLIST_FILE = YES;
				MACOSX_DEPLOYMENT_TARGET = 14.0;
				MARKETING_VERSION = 1.0;
				PRODUCT_BUNDLE_IDENTIFIER = com.example.MemoryToastTool;
				PRODUCT_NAME = "$(TARGET_NAME)";
				SDKROOT = macosx;
				SWIFT_EMIT_LOC_STRINGS = YES;
				SWIFT_VERSION = 6.0;
			};
			name = Release;
		};
		A0000000000000000000001D /* Debug */ = {
			isa = XCBuildConfiguration;
			buildSettings = {
				BUNDLE_LOADER = "$(TEST_HOST)";
				CODE_SIGN_IDENTITY = "-";
				CODE_SIGNING_ALLOWED = NO;
				CODE_SIGN_STYLE = Automatic;
				GENERATE_INFOPLIST_FILE = YES;
				MACOSX_DEPLOYMENT_TARGET = 14.0;
				PRODUCT_BUNDLE_IDENTIFIER = com.example.MemoryToastToolTests;
				PRODUCT_NAME = "$(TARGET_NAME)";
				SDKROOT = macosx;
				SWIFT_VERSION = 6.0;
				TEST_HOST = "$(BUILT_PRODUCTS_DIR)/MemoryToastTool.app/Contents/MacOS/MemoryToastTool";
				TEST_TARGET_NAME = MemoryToastTool;
			};
			name = Debug;
		};
		A0000000000000000000001E /* Release */ = {
			isa = XCBuildConfiguration;
			buildSettings = {
				BUNDLE_LOADER = "$(TEST_HOST)";
				CODE_SIGN_IDENTITY = "-";
				CODE_SIGNING_ALLOWED = NO;
				CODE_SIGN_STYLE = Automatic;
				GENERATE_INFOPLIST_FILE = YES;
				MACOSX_DEPLOYMENT_TARGET = 14.0;
				PRODUCT_BUNDLE_IDENTIFIER = com.example.MemoryToastToolTests;
				PRODUCT_NAME = "$(TARGET_NAME)";
				SDKROOT = macosx;
				SWIFT_VERSION = 6.0;
				TEST_HOST = "$(BUILT_PRODUCTS_DIR)/MemoryToastTool.app/Contents/MacOS/MemoryToastTool";
				TEST_TARGET_NAME = MemoryToastTool;
			};
			name = Release;
		};
/* End XCBuildConfiguration section */

/* Begin XCConfigurationList section */
		A0000000000000000000000E /* Build configuration list for PBXProject "MemoryToastTool" */ = {
			isa = XCConfigurationList;
			buildConfigurations = (
				A0000000000000000000000F /* Debug */,
				A00000000000000000000010 /* Release */,
			);
			defaultConfigurationIsVisible = 0;
			defaultConfigurationName = Release;
		};
		A00000000000000000000024 /* Build configuration list for PBXNativeTarget "MemoryToastTool" */ = {
			isa = XCConfigurationList;
			buildConfigurations = (
				A00000000000000000000016 /* Debug */,
				A00000000000000000000017 /* Release */,
			);
			defaultConfigurationIsVisible = 0;
			defaultConfigurationName = Release;
		};
		A00000000000000000000027 /* Build configuration list for PBXNativeTarget "MemoryToastToolTests" */ = {
			isa = XCConfigurationList;
			buildConfigurations = (
				A0000000000000000000001D /* Debug */,
				A0000000000000000000001E /* Release */,
			);
			defaultConfigurationIsVisible = 0;
			defaultConfigurationName = Release;
		};
/* End XCConfigurationList section */
	};
	rootObject = A00000000000000000000008 /* Project object */;
}
